
Microsoft Visual Studio Solution File, Format Version 12.00
# Visual Studio Version 16
VisualStudioVersion = 16.0.30717.126
MinimumVisualStudioVersion = 10.0.40219.1
Project("{FAE04EC0-301F-11D3-BF4B-00C04F79EFBC}") = "PetNetCore", "PetNetCore\PetNetCore.csproj", "{44DEE087-CDF7-4AE5-8294-88756253A870}"
EndProject
Global
	GlobalSection(SolutionConfigurationPlatforms) = preSolution
		Debug|Any CPU = Debug|Any CPU
		Release|Any CPU = Release|Any CPU
	EndGlobalSection
	GlobalSection(ProjectConfigurationPlatforms) = postSolution
		{44DEE087-CDF7-4AE5-8294-88756253A870}.Debug|Any CPU.ActiveCfg = Debug|Any CPU
		{44DEE087-CDF7-4AE5-8294-88756253A870}.Debug|Any CPU.Build.0 = Debug|Any CPU
		{44DEE087-CDF7-4AE5-8294-88756253A870}.Release|Any CPU.ActiveCfg = Release|Any CPU
		{44DEE087-CDF7-4AE5-8294-88756253A870}.Release|Any CPU.Build.0 = Release|Any CPU
	EndGlobalSection
	GlobalSection(SolutionProperties) = preSolution
		HideSolutionNode = FALSE
	EndGlobalSection
	GlobalSection(ExtensibilityGlobals) = postSolution
		SolutionGuid = {8DDF4F40-9FB4-4223-955C-FE891C2E9248}
	EndGlobalSection
EndGlobal
